
Microsoft Visual Studio Solution File, Format Version 12.00
# Visual Studio Version 17
VisualStudioVersion = 17.0.31825.309
MinimumVisualStudioVersion = 10.0.40219.1
Project("{FAE04EC0-301F-11D3-BF4B-00C04F79EFBC}") = "Asp.net with ReactJS", "Asp.net with ReactJS\Asp.net with ReactJS.csproj", "{523602B8-B04C-45C9-AA53-3CF6501C3A02}"
EndProject
Global
	GlobalSection(SolutionConfigurationPlatforms) = preSolution
		Debug|Any CPU = Debug|Any CPU
		Release|Any CPU = Release|Any CPU
	EndGlobalSection
	GlobalSection(ProjectConfigurationPlatforms) = postSolution
		{523602B8-B04C-45C9-AA53-3CF6501C3A02}.Debug|Any CPU.ActiveCfg = Debug|Any CPU
		{523602B8-B04C-45C9-AA53-3CF6501C3A02}.Debug|Any CPU.Build.0 = Debug|Any CPU
		{523602B8-B04C-45C9-AA53-3CF6501C3A02}.Release|Any CPU.ActiveCfg = Release|Any CPU
		{523602B8-B04C-45C9-AA53-3CF6501C3A02}.Release|Any CPU.Build.0 = Release|Any CPU
	EndGlobalSection
	GlobalSection(SolutionProperties) = preSolution
		HideSolutionNode = FALSE
	EndGlobalSection
	GlobalSection(ExtensibilityGlobals) = postSolution
		SolutionGuid = {4C95583C-3EA0-49BC-9FBE-84B51710BE79}
	EndGlobalSection
EndGlobal
